schema: '2.0'
stages:
  data_ingestion:
    cmd: python src/data/data_ingestion.py
    deps:
    - path: src/data/data_ingestion.py
      hash: md5
      md5: caca23590e368391a08ab457f68b62bc
      size: 4223
    params:
      params.yaml:
        data_ingestion.test_size: 0.2
    outs:
    - path: data/raw
      hash: md5
      md5: b855e2bab4e21078d44844fee5be9da3.dir
      size: 6882906
      nfiles: 2
  data_preprocessing:
    cmd: python src/data/data_preprocessing.py
    deps:
    - path: data/raw/test.csv
      hash: md5
      md5: 295b88d81555e67a857db0337244e118
      size: 1341252
    - path: data/raw/train.csv
      hash: md5
      md5: 70faef66e6135c49f7f02db4a55e9fdd
      size: 5541654
    - path: src/data/data_preprocessing.py
      hash: md5
      md5: 21838c3012507e79c08d53c6e46acb7a
      size: 3717
    outs:
    - path: data/interim
      hash: md5
      md5: 5527e9d39fb5d2dff00e4c1ea6e043bb.dir
      size: 5095933
      nfiles: 2
  model_building:
    cmd: python src/model/model_building.py
    deps:
    - path: data/interim/train_processed.csv
      hash: md5
      md5: dda0bc512b79e45ffac20114f356bdc1
      size: 4103205
    - path: src/model/model_building.py
      hash: md5
      md5: 53dafc0536c7eb7438a63d6a3ea9fa74
      size: 5320
    params:
      params.yaml:
        model_building.learning_rate: 0.08
        model_building.max_depth: 20
        model_building.max_features: 10000
        model_building.n_estimators: 367
        model_building.ngram_range:
        - 1
        - 3
    outs:
    - path: lgbm_model.pkl
      hash: md5
      md5: f3143ea65cb765793950c130a7a7fd6d
      size: 4113191
    - path: tfidf_vectorizer.pkl
      hash: md5
      md5: 8a6569e8f6fd0a33fb85d3c572566c15
      size: 384148
  model_evaluation:
    cmd: python src/model/model_evaluation.py
    deps:
    - path: data/interim/test_processed.csv
      hash: md5
      md5: 2ae52005e2914f3503f126c5517c049d
      size: 992728
    - path: data/interim/train_processed.csv
      hash: md5
      md5: dda0bc512b79e45ffac20114f356bdc1
      size: 4103205
    - path: lgbm_model.pkl
      hash: md5
      md5: f3143ea65cb765793950c130a7a7fd6d
      size: 4113191
    - path: src/model/model_evaluation.py
      hash: md5
      md5: af894b730f2128a58399d3b0840cb96a
      size: 6897
    - path: tfidf_vectorizer.pkl
      hash: md5
      md5: 8a6569e8f6fd0a33fb85d3c572566c15
      size: 384148
    outs:
    - path: experiment_info.json
      hash: md5
      md5: 95b92d254b2332592975b990570d6802
      size: 84
  model_registration:
    cmd: python src/model/register_model.py
    deps:
    - path: experiment_info.json
      hash: md5
      md5: 95b92d254b2332592975b990570d6802
      size: 84
    - path: src/model/register_model.py
      hash: md5
      md5: 9bcf34567ccae1f8b919caa7887f7bbb
      size: 3055
